
Microsoft Visual Studio Solution File, Format Version 12.00
# Visual Studio Version 16
VisualStudioVersion = 16.0.30114.105
MinimumVisualStudioVersion = 10.0.40219.1
Project("{FAE04EC0-301F-11D3-BF4B-00C04F79EFBC}") = "CharacterSheet.WebApi", "CharacterSheet.WebApi\CharacterSheet.WebApi.csproj", "{90D2AB0A-272E-42CD-BD37-37140AC588DD}"
EndProject
Project("{FAE04EC0-301F-11D3-BF4B-00C04F79EFBC}") = "CharacterSheet.Models", "CharacterSheet.Models\CharacterSheet.Models.csproj", "{5103DE15-F698-47BF-824C-E63A4E86B492}"
EndProject
Project("{FAE04EC0-301F-11D3-BF4B-00C04F79EFBC}") = "CharacterSheet.DataAccess", "CharacterSheet.DataAccess\CharacterSheet.DataAccess.csproj", "{A9EB9E50-3BF7-4B4E-B455-D6B61472F53C}"
EndProject
Global
	GlobalSection(SolutionConfigurationPlatforms) = preSolution
		Debug|Any CPU = Debug|Any CPU
		Release|Any CPU = Release|Any CPU
	EndGlobalSection
	GlobalSection(SolutionProperties) = preSolution
		HideSolutionNode = FALSE
	EndGlobalSection
	GlobalSection(ProjectConfigurationPlatforms) = postSolution
		{90D2AB0A-272E-42CD-BD37-37140AC588DD}.Debug|Any CPU.ActiveCfg = Debug|Any CPU
		{90D2AB0A-272E-42CD-BD37-37140AC588DD}.Debug|Any CPU.Build.0 = Debug|Any CPU
		{90D2AB0A-272E-42CD-BD37-37140AC588DD}.Release|Any CPU.ActiveCfg = Release|Any CPU
		{90D2AB0A-272E-42CD-BD37-37140AC588DD}.Release|Any CPU.Build.0 = Release|Any CPU
		{5103DE15-F698-47BF-824C-E63A4E86B492}.Debug|Any CPU.ActiveCfg = Debug|Any CPU
		{5103DE15-F698-47BF-824C-E63A4E86B492}.Debug|Any CPU.Build.0 = Debug|Any CPU
		{5103DE15-F698-47BF-824C-E63A4E86B492}.Release|Any CPU.ActiveCfg = Release|Any CPU
		{5103DE15-F698-47BF-824C-E63A4E86B492}.Release|Any CPU.Build.0 = Release|Any CPU
		{A9EB9E50-3BF7-4B4E-B455-D6B61472F53C}.Debug|Any CPU.ActiveCfg = Debug|Any CPU
		{A9EB9E50-3BF7-4B4E-B455-D6B61472F53C}.Debug|Any CPU.Build.0 = Debug|Any CPU
		{A9EB9E50-3BF7-4B4E-B455-D6B61472F53C}.Release|Any CPU.ActiveCfg = Release|Any CPU
		{A9EB9E50-3BF7-4B4E-B455-D6B61472F53C}.Release|Any CPU.Build.0 = Release|Any CPU
	EndGlobalSection
EndGlobal
